// !$*UTF8*$!
{
	archiveVersion = 1;
	classes = {
	};
	objectVersion = 46;
	objects = {

/* Begin PBXBuildFile section */
		A17A0FB81F147F71004407BB /* main.m in Sources */ = {isa = PBXBuildFile; fileRef = A17A0FB71F147F71004407BB /* main.m */; };
		A17A0FBB1F147F71004407BB /* AppDelegate.m in Sources */ = {isa = PBXBuildFile; fileRef = A17A0FBA1F147F71004407BB /* AppDelegate.m */; };
		A17A0FBE1F147F71004407BB /* ViewController.m in Sources */ = {isa = PBXBuildFile; fileRef = A17A0FBD1F147F71004407BB /* ViewController.m */; };
		A17A0FC11F147F71004407BB /* Main.storyboard in Resources */ = {isa = PBXBuildFile; fileRef = A17A0FBF1F147F71004407BB /* Main.storyboard */; };
		A17A0FC31F147F71004407BB /* Assets.xcassets in Resources */ = {isa = PBXBuildFile; fileRef = A17A0FC21F147F71004407BB /* Assets.xcassets */; };
		A17A0FC61F147F71004407BB /* LaunchScreen.storyboard in Resources */ = {isa = PBXBuildFile; fileRef = A17A0FC41F147F71004407BB /* LaunchScreen.storyboard */; };
		A17A0FD51F147F7D004407BB /* TFHpple.m in Sources */ = {isa = PBXBuildFile; fileRef = A17A0FD01F147F7D004407BB /* TFHpple.m */; };
		A17A0FD61F147F7D004407BB /* TFHppleElement.m in Sources */ = {isa = PBXBuildFile; fileRef = A17A0FD21F147F7D004407BB /* TFHppleElement.m */; };
		A17A0FD71F147F7D004407BB /* XPathQuery.m in Sources */ = {isa = PBXBuildFile; fileRef = A17A0FD41F147F7D004407BB /* XPathQuery.m */; };
		A17A0FD91F147FC1004407BB /* RSSI.html in Resources */ = {isa = PBXBuildFile; fileRef = A17A0FD81F147FC1004407BB /* RSSI.html */; };
		A17A0FE71F14A84A004407BB /* libxml2.2.dylib in Frameworks */ = {isa = PBXBuildFile; fileRef = A17A0FE51F14A75A004407BB /* libxml2.2.dylib */; settings = {ATTRIBUTES = (Required, ); }; };
		A1ADF9101F1E0EB300D829F6 /* AFHTTPSessionManager.m in Sources */ = {isa = PBXBuildFile; fileRef = A1ADF8EF1F1E0EB300D829F6 /* AFHTTPSessionManager.m */; };
		A1ADF9111F1E0EB300D829F6 /* AFNetworkReachabilityManager.m in Sources */ = {isa = PBXBuildFile; fileRef = A1ADF8F21F1E0EB300D829F6 /* AFNetworkReachabilityManager.m */; };
		A1ADF9121F1E0EB300D829F6 /* AFSecurityPolicy.m in Sources */ = {isa = PBXBuildFile; fileRef = A1ADF8F41F1E0EB300D829F6 /* AFSecurityPolicy.m */; };
		A1ADF9131F1E0EB300D829F6 /* AFURLRequestSerialization.m in Sources */ = {isa = PBXBuildFile; fileRef = A1ADF8F61F1E0EB300D829F6 /* AFURLRequestSerialization.m */; };
		A1ADF9141F1E0EB300D829F6 /* AFURLResponseSerialization.m in Sources */ = {isa = PBXBuildFile; fileRef = A1ADF8F81F1E0EB300D829F6 /* AFURLResponseSerialization.m */; };
		A1ADF9151F1E0EB300D829F6 /* AFURLSessionManager.m in Sources */ = {isa = PBXBuildFile; fileRef = A1ADF8FA1F1E0EB300D829F6 /* AFURLSessionManager.m */; };
		A1ADF9161F1E0EB300D829F6 /* AFAutoPurgingImageCache.m in Sources */ = {isa = PBXBuildFile; fileRef = A1ADF8FD1F1E0EB300D829F6 /* AFAutoPurgingImageCache.m */; };
		A1ADF9171F1E0EB300D829F6 /* AFImageDownloader.m in Sources */ = {isa = PBXBuildFile; fileRef = A1ADF8FF1F1E0EB300D829F6 /* AFImageDownloader.m */; };
		A1ADF9181F1E0EB300D829F6 /* AFNetworkActivityIndicatorManager.m in Sources */ = {isa = PBXBuildFile; fileRef = A1ADF9011F1E0EB300D829F6 /* AFNetworkActivityIndicatorManager.m */; };
		A1ADF9191F1E0EB300D829F6 /* UIActivityIndicatorView+AFNetworking.m in Sources */ = {isa = PBXBuildFile; fileRef = A1ADF9031F1E0EB300D829F6 /* UIActivityIndicatorView+AFNetworking.m */; };
		A1ADF91A1F1E0EB300D829F6 /* UIButton+AFNetworking.m in Sources */ = {isa = PBXBuildFile; fileRef = A1ADF9051F1E0EB300D829F6 /* UIButton+AFNetworking.m */; };
		A1ADF91B1F1E0EB300D829F6 /* UIImageView+AFNetworking.m in Sources */ = {isa = PBXBuildFile; fileRef = A1ADF9081F1E0EB300D829F6 /* UIImageView+AFNetworking.m */; };
		A1ADF91C1F1E0EB300D829F6 /* UIProgressView+AFNetworking.m in Sources */ = {isa = PBXBuildFile; fileRef = A1ADF90B1F1E0EB300D829F6 /* UIProgressView+AFNetworking.m */; };
		A1ADF91D1F1E0EB300D829F6 /* UIRefreshControl+AFNetworking.m in Sources */ = {isa = PBXBuildFile; fileRef = A1ADF90D1F1E0EB300D829F6 /* UIRefreshControl+AFNetworking.m */; };
		A1ADF91E1F1E0EB300D829F6 /* UIWebView+AFNetworking.m in Sources */ = {isa = PBXBuildFile; fileRef = A1ADF90F1F1E0EB300D829F6 /* UIWebView+AFNetworking.m */; };
/* End PBXBuildFile section */

/* Begin PBXFileReference section */
		A17A0FB31F147F71004407BB /* httpParse.app */ = {isa = PBXFileReference; explicitFileType = wrapper.application; includeInIndex = 0; path = httpParse.app; sourceTree = BUILT_PRODUCTS_DIR; };
		A17A0FB71F147F71004407BB /* main.m */ = {isa = PBXFileReference; lastKnownFileType = sourcecode.c.objc; path = main.m; sourceTree = "<group>"; };
		A17A0FB91F147F71004407BB /* AppDelegate.h */ = {isa = PBXFileReference; lastKnownFileType = sourcecode.c.h; path = AppDelegate.h; sourceTree = "<group>"; };
		A17A0FBA1F147F71004407BB /* AppDelegate.m */ = {isa = PBXFileReference; lastKnownFileType = sourcecode.c.objc; path = AppDelegate.m; sourceTree = "<group>"; };
		A17A0FBC1F147F71004407BB /* ViewController.h */ = {isa = PBXFileReference; lastKnownFileType = sourcecode.c.h; path = ViewController.h; sourceTree = "<group>"; };
		A17A0FBD1F147F71004407BB /* ViewController.m */ = {isa = PBXFileReference; lastKnownFileType = sourcecode.c.objc; path = ViewController.m; sourceTree = "<group>"; };
		A17A0FC01F147F71004407BB /* Base */ = {isa = PBXFileReference; lastKnownFileType = file.storyboard; name = Base; path = Base.lproj/Main.storyboard; sourceTree = "<group>"; };
		A17A0FC21F147F71004407BB /* Assets.xcassets */ = {isa = PBXFileReference; lastKnownFileType = folder.assetcatalog; path = Assets.xcassets; sourceTree = "<group>"; };
		A17A0FC51F147F71004407BB /* Base */ = {isa = PBXFileReference; lastKnownFileType = file.storyboard; name = Base; path = Base.lproj/LaunchScreen.storyboard; sourceTree = "<group>"; };
		A17A0FC71F147F71004407BB /* Info.plist */ = {isa = PBXFileReference; lastKnownFileType = text.plist.xml; path = Info.plist; sourceTree = "<group>"; };
		A17A0FCF1F147F7D004407BB /* TFHpple.h */ = {isa = PBXFileReference; fileEncoding = 4; lastKnownFileType = sourcecode.c.h; path = TFHpple.h; sourceTree = "<group>"; };
		A17A0FD01F147F7D004407BB /* TFHpple.m */ = {isa = PBXFileReference; fileEncoding = 4; lastKnownFileType = sourcecode.c.objc; path = TFHpple.m; sourceTree = "<group>"; };
		A17A0FD11F147F7D004407BB /* TFHppleElement.h */ = {isa = PBXFileReference; fileEncoding = 4; lastKnownFileType = sourcecode.c.h; path = TFHppleElement.h; sourceTree = "<group>"; };
		A17A0FD21F147F7D004407BB /* TFHppleElement.m */ = {isa = PBXFileReference; fileEncoding = 4; lastKnownFileType = sourcecode.c.objc; path = TFHppleElement.m; sourceTree = "<group>"; };
		A17A0FD31F147F7D004407BB /* XPathQuery.h */ = {isa = PBXFileReference; fileEncoding = 4; lastKnownFileType = sourcecode.c.h; path = XPathQuery.h; sourceTree = "<group>"; };
		A17A0FD41F147F7D004407BB /* XPathQuery.m */ = {isa = PBXFileReference; fileEncoding = 4; lastKnownFileType = sourcecode.c.objc; path = XPathQuery.m; sourceTree = "<group>"; };
		A17A0FD81F147FC1004407BB /* RSSI.html */ = {isa = PBXFileReference; fileEncoding = 4; lastKnownFileType = text.html; path = RSSI.html; sourceTree = "<group>"; };
		A17A0FE51F14A75A004407BB /* libxml2.2.dylib */ = {isa = PBXFileReference; lastKnownFileType = "compiled.mach-o.dylib"; name = libxml2.2.dylib; path = ../../../../../usr/lib/libxml2.2.dylib; sourceTree = "<group>"; };
		A1ADF8EE1F1E0EB300D829F6 /* AFHTTPSessionManager.h */ = {isa = PBXFileReference; fileEncoding = 4; lastKnownFileType = sourcecode.c.h; path = AFHTTPSessionManager.h; sourceTree = "<group>"; };
		A1ADF8EF1F1E0EB300D829F6 /* AFHTTPSessionManager.m */ = {isa = PBXFileReference; fileEncoding = 4; lastKnownFileType = sourcecode.c.objc; path = AFHTTPSessionManager.m; sourceTree = "<group>"; };
		A1ADF8F01F1E0EB300D829F6 /* AFNetworking.h */ = {isa = PBXFileReference; fileEncoding = 4; lastKnownFileType = sourcecode.c.h; path = AFNetworking.h; sourceTree = "<group>"; };
		A1ADF8F11F1E0EB300D829F6 /* AFNetworkReachabilityManager.h */ = {isa = PBXFileReference; fileEncoding = 4; lastKnownFileType = sourcecode.c.h; path = AFNetworkReachabilityManager.h; sourceTree = "<group>"; };
		A1ADF8F21F1E0EB300D829F6 /* AFNetworkReachabilityManager.m */ = {isa = PBXFileReference; fileEncoding = 4; lastKnownFileType = sourcecode.c.objc; path = AFNetworkReachabilityManager.m; sourceTree = "<group>"; };
		A1ADF8F31F1E0EB300D829F6 /* AFSecurityPolicy.h */ = {isa = PBXFileReference; fileEncoding = 4; lastKnownFileType = sourcecode.c.h; path = AFSecurityPolicy.h; sourceTree = "<group>"; };
		A1ADF8F41F1E0EB300D829F6 /* AFSecurityPolicy.m */ = {isa = PBXFileReference; fileEncoding = 4; lastKnownFileType = sourcecode.c.objc; path = AFSecurityPolicy.m; sourceTree = "<group>"; };
		A1ADF8F51F1E0EB300D829F6 /* AFURLRequestSerialization.h */ = {isa = PBXFileReference; fileEncoding = 4; lastKnownFileType = sourcecode.c.h; path = AFURLRequestSerialization.h; sourceTree = "<group>"; };
		A1ADF8F61F1E0EB300D829F6 /* AFURLRequestSerialization.m */ = {isa = PBXFileReference; fileEncoding = 4; lastKnownFileType = sourcecode.c.objc; path = AFURLRequestSerialization.m; sourceTree = "<group>"; };
		A1ADF8F71F1E0EB300D829F6 /* AFURLResponseSerialization.h */ = {isa = PBXFileReference; fileEncoding = 4; lastKnownFileType = sourcecode.c.h; path = AFURLResponseSerialization.h; sourceTree = "<group>"; };
		A1ADF8F81F1E0EB300D829F6 /* AFURLResponseSerialization.m */ = {isa = PBXFileReference; fileEncoding = 4; lastKnownFileType = sourcecode.c.objc; path = AFURLResponseSerialization.m; sourceTree = "<group>"; };
		A1ADF8F91F1E0EB300D829F6 /* AFURLSessionManager.h */ = {isa = PBXFileReference; fileEncoding = 4; lastKnownFileType = sourcecode.c.h; path = AFURLSessionManager.h; sourceTree = "<group>"; };
		A1ADF8FA1F1E0EB300D829F6 /* AFURLSessionManager.m */ = {isa = PBXFileReference; fileEncoding = 4; lastKnownFileType = sourcecode.c.objc; path = AFURLSessionManager.m; sourceTree = "<group>"; };
		A1ADF8FC1F1E0EB300D829F6 /* AFAutoPurgingImageCache.h */ = {isa = PBXFileReference; fileEncoding = 4; lastKnownFileType = sourcecode.c.h; path = AFAutoPurgingImageCache.h; sourceTree = "<group>"; };
		A1ADF8FD1F1E0EB300D829F6 /* AFAutoPurgingImageCache.m */ = {isa = PBXFileReference; fileEncoding = 4; lastKnownFileType = sourcecode.c.objc; path = AFAutoPurgingImageCache.m; sourceTree = "<group>"; };
		A1ADF8FE1F1E0EB300D829F6 /* AFImageDownloader.h */ = {isa = PBXFileReference; fileEncoding = 4; lastKnownFileType = sourcecode.c.h; path = AFImageDownloader.h; sourceTree = "<group>"; };
		A1ADF8FF1F1E0EB300D829F6 /* AFImageDownloader.m */ = {isa = PBXFileReference; fileEncoding = 4; lastKnownFileType = sourcecode.c.objc; path = AFImageDownloader.m; sourceTree = "<group>"; };
		A1ADF9001F1E0EB300D829F6 /* AFNetworkActivityIndicatorManager.h */ = {isa = PBXFileReference; fileEncoding = 4; lastKnownFileType = sourcecode.c.h; path = AFNetworkActivityIndicatorManager.h; sourceTree = "<group>"; };
		A1ADF9011F1E0EB300D829F6 /* AFNetworkActivityIndicatorManager.m */ = {isa = PBXFileReference; fileEncoding = 4; lastKnownFileType = sourcecode.c.objc; path = AFNetworkActivityIndicatorManager.m; sourceTree = "<group>"; };
		A1ADF9021F1E0EB300D829F6 /* UIActivityIndicatorView+AFNetworking.h */ = {isa = PBXFileReference; fileEncoding = 4; lastKnownFileType = sourcecode.c.h; path = "UIActivityIndicatorView+AFNetworking.h"; sourceTree = "<group>"; };
		A1ADF9031F1E0EB300D829F6 /* UIActivityIndicatorView+AFNetworking.m */ = {isa = PBXFileReference; fileEncoding = 4; lastKnownFileType = sourcecode.c.objc; path = "UIActivityIndicatorView+AFNetworking.m"; sourceTree = "<group>"; };
		A1ADF9041F1E0EB300D829F6 /* UIButton+AFNetworking.h */ = {isa = PBXFileReference; fileEncoding = 4; lastKnownFileType = sourcecode.c.h; path = "UIButton+AFNetworking.h"; sourceTree = "<group>"; };
		A1ADF9051F1E0EB300D829F6 /* UIButton+AFNetworking.m */ = {isa = PBXFileReference; fileEncoding = 4; lastKnownFileType = sourcecode.c.objc; path = "UIButton+AFNetworking.m"; sourceTree = "<group>"; };
		A1ADF9061F1E0EB300D829F6 /* UIImage+AFNetworking.h */ = {isa = PBXFileReference; fileEncoding = 4; lastKnownFileType = sourcecode.c.h; path = "UIImage+AFNetworking.h"; sourceTree = "<group>"; };
		A1ADF9071F1E0EB300D829F6 /* UIImageView+AFNetworking.h */ = {isa = PBXFileReference; fileEncoding = 4; lastKnownFileType = sourcecode.c.h; path = "UIImageView+AFNetworking.h"; sourceTree = "<group>"; };
		A1ADF9081F1E0EB300D829F6 /* UIImageView+AFNetworking.m */ = {isa = PBXFileReference; fileEncoding = 4; lastKnownFileType = sourcecode.c.objc; path = "UIImageView+AFNetworking.m"; sourceTree = "<group>"; };
		A1ADF9091F1E0EB300D829F6 /* UIKit+AFNetworking.h */ = {isa = PBXFileReference; fileEncoding = 4; lastKnownFileType = sourcecode.c.h; path = "UIKit+AFNetworking.h"; sourceTree = "<group>"; };
		A1ADF90A1F1E0EB300D829F6 /* UIProgressView+AFNetworking.h */ = {isa = PBXFileReference; fileEncoding = 4; lastKnownFileType = sourcecode.c.h; path = "UIProgressView+AFNetworking.h"; sourceTree = "<group>"; };
		A1ADF90B1F1E0EB300D829F6 /* UIProgressView+AFNetworking.m */ = {isa = PBXFileReference; fileEncoding = 4; lastKnownFileType = sourcecode.c.objc; path = "UIProgressView+AFNetworking.m"; sourceTree = "<group>"; };
		A1ADF90C1F1E0EB300D829F6 /* UIRefreshControl+AFNetworking.h */ = {isa = PBXFileReference; fileEncoding = 4; lastKnownFileType = sourcecode.c.h; path = "UIRefreshControl+AFNetworking.h"; sourceTree = "<group>"; };
		A1ADF90D1F1E0EB300D829F6 /* UIRefreshControl+AFNetworking.m */ = {isa = PBXFileReference; fileEncoding = 4; lastKnownFileType = sourcecode.c.objc; path = "UIRefreshControl+AFNetworking.m"; sourceTree = "<group>"; };
		A1ADF90E1F1E0EB300D829F6 /* UIWebView+AFNetworking.h */ = {isa = PBXFileReference; fileEncoding = 4; lastKnownFileType = sourcecode.c.h; path = "UIWebView+AFNetworking.h"; sourceTree = "<group>"; };
		A1ADF90F1F1E0EB300D829F6 /* UIWebView+AFNetworking.m */ = {isa = PBXFileReference; fileEncoding = 4; lastKnownFileType = sourcecode.c.objc; path = "UIWebView+AFNetworking.m"; sourceTree = "<group>"; };
/* End PBXFileReference section */

/* Begin PBXFrameworksBuildPhase section */
		A17A0FB01F147F71004407BB /* Frameworks */ = {
			isa = PBXFrameworksBuildPhase;
			buildActionMask = 2147483647;
			files = (
				A17A0FE71F14A84A004407BB /* libxml2.2.dylib in Frameworks */,
			);
			runOnlyForDeploymentPostprocessing = 0;
		};
/* End PBXFrameworksBuildPhase section */

/* Begin PBXGroup section */
		A17A0FAA1F147F71004407BB = {
			isa = PBXGroup;
			children = (
				A17A0FB51F147F71004407BB /* httpParse */,
				A17A0FB41F147F71004407BB /* Products */,
				A17A0FDA1F14807F004407BB /* Frameworks */,
			);
			sourceTree = "<group>";
		};
		A17A0FB41F147F71004407BB /* Products */ = {
			isa = PBXGroup;
			children = (
				A17A0FB31F147F71004407BB /* httpParse.app */,
			);
			name = Products;
			sourceTree = "<group>";
		};
		A17A0FB51F147F71004407BB /* httpParse */ = {
			isa = PBXGroup;
			children = (
				A1ADF8EC1F1E0EB300D829F6 /* AFNetworking */,
				A17A0FCD1F147F7D004407BB /* Hpple */,
				A17A0FB91F147F71004407BB /* AppDelegate.h */,
				A17A0FBA1F147F71004407BB /* AppDelegate.m */,
				A17A0FBC1F147F71004407BB /* ViewController.h */,
				A17A0FBD1F147F71004407BB /* ViewController.m */,
				A17A0FBF1F147F71004407BB /* Main.storyboard */,
				A17A0FC21F147F71004407BB /* Assets.xcassets */,
				A17A0FC41F147F71004407BB /* LaunchScreen.storyboard */,
				A17A0FD81F147FC1004407BB /* RSSI.html */,
				A17A0FC71F147F71004407BB /* Info.plist */,
				A17A0FB61F147F71004407BB /* Supporting Files */,
			);
			path = httpParse;
			sourceTree = "<group>";
		};
		A17A0FB61F147F71004407BB /* Supporting Files */ = {
			isa = PBXGroup;
			children = (
				A17A0FB71F147F71004407BB /* main.m */,
			);
			name = "Supporting Files";
			sourceTree = "<group>";
		};
		A17A0FCD1F147F7D004407BB /* Hpple */ = {
			isa = PBXGroup;
			children = (
				A17A0FCE1F147F7D004407BB /* Classes */,
			);
			path = Hpple;
			sourceTree = "<group>";
		};
		A17A0FCE1F147F7D004407BB /* Classes */ = {
			isa = PBXGroup;
			children = (
				A17A0FCF1F147F7D004407BB /* TFHpple.h */,
				A17A0FD01F147F7D004407BB /* TFHpple.m */,
				A17A0FD11F147F7D004407BB /* TFHppleElement.h */,
				A17A0FD21F147F7D004407BB /* TFHppleElement.m */,
				A17A0FD31F147F7D004407BB /* XPathQuery.h */,
				A17A0FD41F147F7D004407BB /* XPathQuery.m */,
			);
			path = Classes;
			sourceTree = "<group>";
		};
		A17A0FDA1F14807F004407BB /* Frameworks */ = {
			isa = PBXGroup;
			children = (
				A17A0FE51F14A75A004407BB /* libxml2.2.dylib */,
			);
			name = Frameworks;
			sourceTree = "<group>";
		};
		A1ADF8EC1F1E0EB300D829F6 /* AFNetworking */ = {
			isa = PBXGroup;
			children = (
				A1ADF8ED1F1E0EB300D829F6 /* AFNetworking */,
				A1ADF8FB1F1E0EB300D829F6 /* UIKit+AFNetworking */,
			);
			path = AFNetworking;
			sourceTree = "<group>";
		};
		A1ADF8ED1F1E0EB300D829F6 /* AFNetworking */ = {
			isa = PBXGroup;
			children = (
				A1ADF8EE1F1E0EB300D829F6 /* AFHTTPSessionManager.h */,
				A1ADF8EF1F1E0EB300D829F6 /* AFHTTPSessionManager.m */,
				A1ADF8F01F1E0EB300D829F6 /* AFNetworking.h */,
				A1ADF8F11F1E0EB300D829F6 /* AFNetworkReachabilityManager.h */,
				A1ADF8F21F1E0EB300D829F6 /* AFNetworkReachabilityManager.m */,
				A1ADF8F31F1E0EB300D829F6 /* AFSecurityPolicy.h */,
				A1ADF8F41F1E0EB300D829F6 /* AFSecurityPolicy.m */,
				A1ADF8F51F1E0EB300D829F6 /* AFURLRequestSerialization.h */,
				A1ADF8F61F1E0EB300D829F6 /* AFURLRequestSerialization.m */,
				A1ADF8F71F1E0EB300D829F6 /* AFURLResponseSerialization.h */,
				A1ADF8F81F1E0EB300D829F6 /* AFURLResponseSerialization.m */,
				A1ADF8F91F1E0EB300D829F6 /* AFURLSessionManager.h */,
				A1ADF8FA1F1E0EB300D829F6 /* AFURLSessionManager.m */,
			);
			path = AFNetworking;
			sourceTree = "<group>";
		};
		A1ADF8FB1F1E0EB300D829F6 /* UIKit+AFNetworking */ = {
			isa = PBXGroup;
			children = (
				A1ADF8FC1F1E0EB300D829F6 /* AFAutoPurgingImageCache.h */,
				A1ADF8FD1F1E0EB300D829F6 /* AFAutoPurgingImageCache.m */,
				A1ADF8FE1F1E0EB300D829F6 /* AFImageDownloader.h */,
				A1ADF8FF1F1E0EB300D829F6 /* AFImageDownloader.m */,
				A1ADF9001F1E0EB300D829F6 /* AFNetworkActivityIndicatorManager.h */,
				A1ADF9011F1E0EB300D829F6 /* AFNetworkActivityIndicatorManager.m */,
				A1ADF9021F1E0EB300D829F6 /* UIActivityIndicatorView+AFNetworking.h */,
				A1ADF9031F1E0EB300D829F6 /* UIActivityIndicatorView+AFNetworking.m */,
				A1ADF9041F1E0EB300D829F6 /* UIButton+AFNetworking.h */,
				A1ADF9051F1E0EB300D829F6 /* UIButton+AFNetworking.m */,
				A1ADF9061F1E0EB300D829F6 /* UIImage+AFNetworking.h */,
				A1ADF9071F1E0EB300D829F6 /* UIImageView+AFNetworking.h */,
				A1ADF9081F1E0EB300D829F6 /* UIImageView+AFNetworking.m */,
				A1ADF9091F1E0EB300D829F6 /* UIKit+AFNetworking.h */,
				A1ADF90A1F1E0EB300D829F6 /* UIProgressView+AFNetworking.h */,
				A1ADF90B1F1E0EB300D829F6 /* UIProgressView+AFNetworking.m */,
				A1ADF90C1F1E0EB300D829F6 /* UIRefreshControl+AFNetworking.h */,
				A1ADF90D1F1E0EB300D829F6 /* UIRefreshControl+AFNetworking.m */,
				A1ADF90E1F1E0EB300D829F6 /* UIWebView+AFNetworking.h */,
				A1ADF90F1F1E0EB300D829F6 /* UIWebView+AFNetworking.m */,
			);
			path = "UIKit+AFNetworking";
			sourceTree = "<group>";
		};
/* End PBXGroup section */

/* Begin PBXNativeTarget section */
		A17A0FB21F147F71004407BB /* httpParse */ = {
			isa = PBXNativeTarget;
			buildConfigurationList = A17A0FCA1F147F71004407BB /* Build configuration list for PBXNativeTarget "httpParse" */;
			buildPhases = (
				A17A0FAF1F147F71004407BB /* Sources */,
				A17A0FB01F147F71004407BB /* Frameworks */,
				A17A0FB11F147F71004407BB /* Resources */,
			);
			buildRules = (
			);
			dependencies = (
			);
			name = httpParse;
			productName = httpParse;
			productReference = A17A0FB31F147F71004407BB /* httpParse.app */;
			productType = "com.apple.product-type.application";
		};
/* End PBXNativeTarget section */

/* Begin PBXProject section */
		A17A0FAB1F147F71004407BB /* Project object */ = {
			isa = PBXProject;
			attributes = {
				LastUpgradeCheck = 0830;
				ORGANIZATIONNAME = he8090;
				TargetAttributes = {
					A17A0FB21F147F71004407BB = {
						CreatedOnToolsVersion = 8.3.3;
						DevelopmentTeam = ZJ57JX2QF4;
						ProvisioningStyle = Automatic;
					};
				};
			};
			buildConfigurationList = A17A0FAE1F147F71004407BB /* Build configuration list for PBXProject "httpParse" */;
			compatibilityVersion = "Xcode 3.2";
			developmentRegion = English;
			hasScannedForEncodings = 0;
			knownRegions = (
				en,
				Base,
			);
			mainGroup = A17A0FAA1F147F71004407BB;
			productRefGroup = A17A0FB41F147F71004407BB /* Products */;
			projectDirPath = "";
			projectRoot = "";
			targets = (
				A17A0FB21F147F71004407BB /* httpParse */,
			);
		};
/* End PBXProject section */

/* Begin PBXResourcesBuildPhase section */
		A17A0FB11F147F71004407BB /* Resources */ = {
			isa = PBXResourcesBuildPhase;
			buildActionMask = 2147483647;
			files = (
				A17A0FC61F147F71004407BB /* LaunchScreen.storyboard in Resources */,
				A17A0FD91F147FC1004407BB /* RSSI.html in Resources */,
				A17A0FC31F147F71004407BB /* Assets.xcassets in Resources */,
				A17A0FC11F147F71004407BB /* Main.storyboard in Resources */,
			);
			runOnlyForDeploymentPostprocessing = 0;
		};
/* End PBXResourcesBuildPhase section */

/* Begin PBXSourcesBuildPhase section */
		A17A0FAF1F147F71004407BB /* Sources */ = {
			isa = PBXSourcesBuildPhase;
			buildActionMask = 2147483647;
			files = (
				A1ADF91C1F1E0EB300D829F6 /* UIProgressView+AFNetworking.m in Sources */,
				A1ADF91A1F1E0EB300D829F6 /* UIButton+AFNetworking.m in Sources */,
				A1ADF91D1F1E0EB300D829F6 /* UIRefreshControl+AFNetworking.m in Sources */,
				A17A0FBE1F147F71004407BB /* ViewController.m in Sources */,
				A1ADF9121F1E0EB300D829F6 /* AFSecurityPolicy.m in Sources */,
				A17A0FBB1F147F71004407BB /* AppDelegate.m in Sources */,
				A17A0FB81F147F71004407BB /* main.m in Sources */,
				A1ADF9141F1E0EB300D829F6 /* AFURLResponseSerialization.m in Sources */,
				A17A0FD51F147F7D004407BB /* TFHpple.m in Sources */,
				A1ADF91B1F1E0EB300D829F6 /* UIImageView+AFNetworking.m in Sources */,
				A17A0FD71F147F7D004407BB /* XPathQuery.m in Sources */,
				A1ADF9101F1E0EB300D829F6 /* AFHTTPSessionManager.m in Sources */,
				A1ADF9161F1E0EB300D829F6 /* AFAutoPurgingImageCache.m in Sources */,
				A1ADF9131F1E0EB300D829F6 /* AFURLRequestSerialization.m in Sources */,
				A1ADF9151F1E0EB300D829F6 /* AFURLSessionManager.m in Sources */,
				A1ADF9171F1E0EB300D829F6 /* AFImageDownloader.m in Sources */,
				A1ADF9111F1E0EB300D829F6 /* AFNetworkReachabilityManager.m in Sources */,
				A1ADF91E1F1E0EB300D829F6 /* UIWebView+AFNetworking.m in Sources */,
				A17A0FD61F147F7D004407BB /* TFHppleElement.m in Sources */,
				A1ADF9191F1E0EB300D829F6 /* UIActivityIndicatorView+AFNetworking.m in Sources */,
				A1ADF9181F1E0EB300D829F6 /* AFNetworkActivityIndicatorManager.m in Sources */,
			);
			runOnlyForDeploymentPostprocessing = 0;
		};
/* End PBXSourcesBuildPhase section */

/* Begin PBXVariantGroup section */
		A17A0FBF1F147F71004407BB /* Main.storyboard */ = {
			isa = PBXVariantGroup;
			children = (
				A17A0FC01F147F71004407BB /* Base */,
			);
			name = Main.storyboard;
			sourceTree = "<group>";
		};
		A17A0FC41F147F71004407BB /* LaunchScreen.storyboard */ = {
			isa = PBXVariantGroup;
			children = (
				A17A0FC51F147F71004407BB /* Base */,
			);
			name = LaunchScreen.storyboard;
			sourceTree = "<group>";
		};
/* End PBXVariantGroup section */

/* Begin XCBuildConfiguration section */
		A17A0FC81F147F71004407BB /* Debug */ = {
			isa = XCBuildConfiguration;
			buildSettings = {
				ALWAYS_SEARCH_USER_PATHS = NO;
				CLANG_ANALYZER_NONNULL = YES;
				CLANG_ANALYZER_NUMBER_OBJECT_CONVERSION = YES_AGGRESSIVE;
				CLANG_CXX_LANGUAGE_STANDARD = "gnu++0x";
				CLANG_CXX_LIBRARY = "libc++";
				CLANG_ENABLE_MODULES = YES;
				CLANG_ENABLE_OBJC_ARC = YES;
				CLANG_WARN_BOOL_CONVERSION = YES;
				CLANG_WARN_CONSTANT_CONVERSION = YES;
				CLANG_WARN_DIRECT_OBJC_ISA_USAGE = YES_ERROR;
				CLANG_WARN_DOCUMENTATION_COMMENTS = YES;
				CLANG_WARN_EMPTY_BODY = YES;
				CLANG_WARN_ENUM_CONVERSION = YES;
				CLANG_WARN_INFINITE_RECURSION = YES;
				CLANG_WARN_INT_CONVERSION = YES;
				CLANG_WARN_OBJC_ROOT_CLASS = YES_ERROR;
				CLANG_WARN_SUSPICIOUS_MOVE = YES;
				CLANG_WARN_UNREACHABLE_CODE = YES;
				CLANG_WARN__DUPLICATE_METHOD_MATCH = YES;
				"CODE_SIGN_IDENTITY[sdk=iphoneos*]" = "iPhone Developer";
				COPY_PHASE_STRIP = NO;
				DEBUG_INFORMATION_FORMAT = dwarf;
				ENABLE_STRICT_OBJC_MSGSEND = YES;
				ENABLE_TESTABILITY = YES;
				GCC_C_LANGUAGE_STANDARD = gnu99;
				GCC_DYNAMIC_NO_PIC = NO;
				GCC_NO_COMMON_BLOCKS = YES;
				GCC_OPTIMIZATION_LEVEL = 0;
				GCC_PREPROCESSOR_DEFINITIONS = (
					"DEBUG=1",
					"$(inherited)",
				);
				GCC_WARN_64_TO_32_BIT_CONVERSION = YES;
				GCC_WARN_ABOUT_RETURN_TYPE = YES_ERROR;
				GCC_WARN_UNDECLARED_SELECTOR = YES;
				GCC_WARN_UNINITIALIZED_AUTOS = YES_AGGRESSIVE;
				GCC_WARN_UNUSED_FUNCTION = YES;
				GCC_WARN_UNUSED_VARIABLE = YES;
				HEADER_SEARCH_PATHS = /usr/lib/libxml2;
				IPHONEOS_DEPLOYMENT_TARGET = 10.3;
				MTL_ENABLE_DEBUG_INFO = YES;
				ONLY_ACTIVE_ARCH = YES;
				SDKROOT = iphoneos;
				TARGETED_DEVICE_FAMILY = "1,2";
			};
			name = Debug;
		};
		A17A0FC91F147F71004407BB /* Release */ = {
			isa = XCBuildConfiguration;
			buildSettings = {
				ALWAYS_SEARCH_USER_PATHS = NO;
				CLANG_ANALYZER_NONNULL = YES;
				CLANG_ANALYZER_NUMBER_OBJECT_CONVERSION = YES_AGGRESSIVE;
				CLANG_CXX_LANGUAGE_STANDARD = "gnu++0x";
				CLANG_CXX_LIBRARY = "libc++";
				CLANG_ENABLE_MODULES = YES;
				CLANG_ENABLE_OBJC_ARC = YES;
				CLANG_WARN_BOOL_CONVERSION = YES;
				CLANG_WARN_CONSTANT_CONVERSION = YES;
				CLANG_WARN_DIRECT_OBJC_ISA_USAGE = YES_ERROR;
				CLANG_WARN_DOCUMENTATION_COMMENTS = YES;
				CLANG_WARN_EMPTY_BODY = YES;
				CLANG_WARN_ENUM_CONVERSION = YES;
				CLANG_WARN_INFINITE_RECURSION = YES;
				CLANG_WARN_INT_CONVERSION = YES;
				CLANG_WARN_OBJC_ROOT_CLASS = YES_ERROR;
				CLANG_WARN_SUSPICIOUS_MOVE = YES;
				CLANG_WARN_UNREACHABLE_CODE = YES;
				CLANG_WARN__DUPLICATE_METHOD_MATCH = YES;
				"CODE_SIGN_IDENTITY[sdk=iphoneos*]" = "iPhone Developer";
				COPY_PHASE_STRIP = NO;
				DEBUG_INFORMATION_FORMAT = "dwarf-with-dsym";
				ENABLE_NS_ASSERTIONS = NO;
				ENABLE_STRICT_OBJC_MSGSEND = YES;
				GCC_C_LANGUAGE_STANDARD = gnu99;
				GCC_NO_COMMON_BLOCKS = YES;
				GCC_WARN_64_TO_32_BIT_CONVERSION = YES;
				GCC_WARN_ABOUT_RETURN_TYPE = YES_ERROR;
				GCC_WARN_UNDECLARED_SELECTOR = YES;
				GCC_WARN_UNINITIALIZED_AUTOS = YES_AGGRESSIVE;
				GCC_WARN_UNUSED_FUNCTION = YES;
				GCC_WARN_UNUSED_VARIABLE = YES;
				HEADER_SEARCH_PATHS = /usr/lib/libxml2;
				IPHONEOS_DEPLOYMENT_TARGET = 10.3;
				MTL_ENABLE_DEBUG_INFO = NO;
				SDKROOT = iphoneos;
				TARGETED_DEVICE_FAMILY = "1,2";
				VALIDATE_PRODUCT = YES;
			};
			name = Release;
		};
		A17A0FCB1F147F71004407BB /* Debug */ = {
			isa = XCBuildConfiguration;
			buildSettings = {
				ASSETCATALOG_COMPILER_APPICON_NAME = AppIcon;
				DEVELOPMENT_TEAM = ZJ57JX2QF4;
				FRAMEWORK_SEARCH_PATHS = /usr/lib/libxml2.2.dylib;
				HEADER_SEARCH_PATHS = "$(SDKROOT)/usr/include/libxml2";
				INFOPLIST_FILE = httpParse/Info.plist;
				IPHONEOS_DEPLOYMENT_TARGET = 8.0;
				LD_RUNPATH_SEARCH_PATHS = "$(inherited) @executable_path/Frameworks";
				OTHER_LDFLAGS = "-lxml2";
				PRODUCT_BUNDLE_IDENTIFIER = com.mobileott.reportcenter;
				PRODUCT_NAME = "$(TARGET_NAME)";
				USER_HEADER_SEARCH_PATHS = "$(SDKROOT)/usr/include/libxml2";
			};
			name = Debug;
		};
		A17A0FCC1F147F71004407BB /* Release */ = {
			isa = XCBuildConfiguration;
			buildSettings = {
				ASSETCATALOG_COMPILER_APPICON_NAME = AppIcon;
				DEVELOPMENT_TEAM = ZJ57JX2QF4;
				FRAMEWORK_SEARCH_PATHS = /usr/lib/libxml2.2.dylib;
				HEADER_SEARCH_PATHS = "$(SDKROOT)/usr/include/libxml2";
				INFOPLIST_FILE = httpParse/Info.plist;
				IPHONEOS_DEPLOYMENT_TARGET = 8.0;
				LD_RUNPATH_SEARCH_PATHS = "$(inherited) @executable_path/Frameworks";
				OTHER_LDFLAGS = "-lxml2";
				PRODUCT_BUNDLE_IDENTIFIER = com.mobileott.reportcenter;
				PRODUCT_NAME = "$(TARGET_NAME)";
				USER_HEADER_SEARCH_PATHS = "$(SDKROOT)/usr/include/libxml2";
			};
			name = Release;
		};
/* End XCBuildConfiguration section */

/* Begin XCConfigurationList section */
		A17A0FAE1F147F71004407BB /* Build configuration list for PBXProject "httpParse" */ = {
			isa = XCConfigurationList;
			buildConfigurations = (
				A17A0FC81F147F71004407BB /* Debug */,
				A17A0FC91F147F71004407BB /* Release */,
			);
			defaultConfigurationIsVisible = 0;
			defaultConfigurationName = Release;
		};
		A17A0FCA1F147F71004407BB /* Build configuration list for PBXNativeTarget "httpParse" */ = {
			isa = XCConfigurationList;
			buildConfigurations = (
				A17A0FCB1F147F71004407BB /* Debug */,
				A17A0FCC1F147F71004407BB /* Release */,
			);
			defaultConfigurationIsVisible = 0;
			defaultConfigurationName = Release;
		};
/* End XCConfigurationList section */
	};
	rootObject = A17A0FAB1F147F71004407BB /* Project object */;
}
